
Microsoft Visual Studio Solution File, Format Version 12.00
# Visual Studio 15
VisualStudioVersion = 15.0.28307.421
MinimumVisualStudioVersion = 10.0.40219.1
Project("{9A19103F-16F7-4668-BE54-9A1E7A4F7556}") = "Wallet.API", "Wallet.API\Wallet.API.csproj", "{6827893A-AF5B-45F6-AD15-FC47A26971AA}"
EndProject
Project("{9A19103F-16F7-4668-BE54-9A1E7A4F7556}") = "Wallet.DATA", "Wallet.DATA\Wallet.DATA.csproj", "{A719183A-EC9F-4600-901E-2D8CE41BD00A}"
EndProject
Global
	GlobalSection(SolutionConfigurationPlatforms) = preSolution
		Debug|Any CPU = Debug|Any CPU
		Release|Any CPU = Release|Any CPU
	EndGlobalSection
	GlobalSection(ProjectConfigurationPlatforms) = postSolution
		{6827893A-AF5B-45F6-AD15-FC47A26971AA}.Debug|Any CPU.ActiveCfg = Debug|Any CPU
		{6827893A-AF5B-45F6-AD15-FC47A26971AA}.Debug|Any CPU.Build.0 = Debug|Any CPU
		{6827893A-AF5B-45F6-AD15-FC47A26971AA}.Release|Any CPU.ActiveCfg = Release|Any CPU
		{6827893A-AF5B-45F6-AD15-FC47A26971AA}.Release|Any CPU.Build.0 = Release|Any CPU
		{A719183A-EC9F-4600-901E-2D8CE41BD00A}.Debug|Any CPU.ActiveCfg = Debug|Any CPU
		{A719183A-EC9F-4600-901E-2D8CE41BD00A}.Debug|Any CPU.Build.0 = Debug|Any CPU
		{A719183A-EC9F-4600-901E-2D8CE41BD00A}.Release|Any CPU.ActiveCfg = Release|Any CPU
		{A719183A-EC9F-4600-901E-2D8CE41BD00A}.Release|Any CPU.Build.0 = Release|Any CPU
	EndGlobalSection
	GlobalSection(SolutionProperties) = preSolution
		HideSolutionNode = FALSE
	EndGlobalSection
	GlobalSection(ExtensibilityGlobals) = postSolution
		SolutionGuid = {8F94E86C-84A7-47A8-B0C8-015DB348B6D4}
	EndGlobalSection
	GlobalSection(ExtensibilityGlobals) = postSolution
		SolutionGuid = {8F94E86C-84A7-47A8-B0C8-015DB348B6D4}
	EndGlobalSection
EndGlobal
